
Microsoft Visual Studio Solution File, Format Version 12.00
# Visual Studio 14
VisualStudioVersion = 14.0.24720.0
MinimumVisualStudioVersion = 10.0.40219.1
Project("{FAE04EC0-301F-11D3-BF4B-00C04F79EFBC}") = "FriendMain", "FriendMain\FriendMain.csproj", "{17B35E2D-DE84-4BB0-AB67-C8BDA315D1AD}"
EndProject
Project("{FAE04EC0-301F-11D3-BF4B-00C04F79EFBC}") = "Friend.Infra", "Friend.Infra\Friend.Infra.csproj", "{DBF30D16-4C3C-467B-9284-41911D4755C1}"
EndProject
Project("{2150E333-8FDC-42A3-9474-1A3956D46DE8}") = "Modules", "Modules", "{4BE1FADF-1E20-4F4C-99FF-1AE22E120EBD}"
EndProject
Project("{FAE04EC0-301F-11D3-BF4B-00C04F79EFBC}") = "FriendExtension", "FriendExtension\FriendExtension.csproj", "{D06DB76A-068D-4E28-8D56-B5DBCD6F4828}"
EndProject
Project("{FAE04EC0-301F-11D3-BF4B-00C04F79EFBC}") = "QueryWindow", "Modules\QueryWindow\QueryWindow.csproj", "{2318C814-D035-4036-B75F-E2F0E421DCA1}"
EndProject
Project("{54435603-DBB4-11D2-8724-00A0C9A8B90C}") = "QueryWindowInstaller", "QueryWindowInstaller\QueryWindowInstaller.vdproj", "{62A49B2A-F1B8-4ADE-BEF8-90B264B7A575}"
EndProject
Project("{FAE04EC0-301F-11D3-BF4B-00C04F79EFBC}") = "QueryWindowMain", "QueryWindowMain\QueryWindowMain.csproj", "{BE354FC2-805E-410A-A70E-2178E7126C20}"
EndProject
Project("{FAE04EC0-301F-11D3-BF4B-00C04F79EFBC}") = "Help", "Modules\Help\Help.csproj", "{9C72ABE2-0522-4338-AE46-01643B9307C1}"
EndProject
Project("{FAE04EC0-301F-11D3-BF4B-00C04F79EFBC}") = "QueryWindowExtension", "QueryWindowExtension\QueryWindowExtension.csproj", "{3C487FFA-1D1A-4628-BB47-3456138CB191}"
EndProject
Project("{FAE04EC0-301F-11D3-BF4B-00C04F79EFBC}") = "DataLists", "DataLists\DataLists.csproj", "{1FB2D29C-5BE5-4C67-B1EE-36841B42D1D2}"
EndProject
Global
	GlobalSection(SolutionConfigurationPlatforms) = preSolution
		Debug|Any CPU = Debug|Any CPU
		Debug|ARM = Debug|ARM
		Debug|x64 = Debug|x64
		Debug|x86 = Debug|x86
		Release|Any CPU = Release|Any CPU
		Release|ARM = Release|ARM
		Release|x64 = Release|x64
		Release|x86 = Release|x86
	EndGlobalSection
	GlobalSection(ProjectConfigurationPlatforms) = postSolution
		{17B35E2D-DE84-4BB0-AB67-C8BDA315D1AD}.Debug|Any CPU.ActiveCfg = Debug|Any CPU
		{17B35E2D-DE84-4BB0-AB67-C8BDA315D1AD}.Debug|Any CPU.Build.0 = Debug|Any CPU
		{17B35E2D-DE84-4BB0-AB67-C8BDA315D1AD}.Debug|ARM.ActiveCfg = Debug|Any CPU
		{17B35E2D-DE84-4BB0-AB67-C8BDA315D1AD}.Debug|ARM.Build.0 = Debug|Any CPU
		{17B35E2D-DE84-4BB0-AB67-C8BDA315D1AD}.Debug|x64.ActiveCfg = Debug|Any CPU
		{17B35E2D-DE84-4BB0-AB67-C8BDA315D1AD}.Debug|x64.Build.0 = Debug|Any CPU
		{17B35E2D-DE84-4BB0-AB67-C8BDA315D1AD}.Debug|x86.ActiveCfg = Debug|Any CPU
		{17B35E2D-DE84-4BB0-AB67-C8BDA315D1AD}.Debug|x86.Build.0 = Debug|Any CPU
		{17B35E2D-DE84-4BB0-AB67-C8BDA315D1AD}.Release|Any CPU.ActiveCfg = Release|Any CPU
		{17B35E2D-DE84-4BB0-AB67-C8BDA315D1AD}.Release|Any CPU.Build.0 = Release|Any CPU
		{17B35E2D-DE84-4BB0-AB67-C8BDA315D1AD}.Release|ARM.ActiveCfg = Release|Any CPU
		{17B35E2D-DE84-4BB0-AB67-C8BDA315D1AD}.Release|ARM.Build.0 = Release|Any CPU
		{17B35E2D-DE84-4BB0-AB67-C8BDA315D1AD}.Release|x64.ActiveCfg = Release|Any CPU
		{17B35E2D-DE84-4BB0-AB67-C8BDA315D1AD}.Release|x64.Build.0 = Release|Any CPU
		{17B35E2D-DE84-4BB0-AB67-C8BDA315D1AD}.Release|x86.ActiveCfg = Release|Any CPU
		{17B35E2D-DE84-4BB0-AB67-C8BDA315D1AD}.Release|x86.Build.0 = Release|Any CPU
		{DBF30D16-4C3C-467B-9284-41911D4755C1}.Debug|Any CPU.ActiveCfg = Debug|Any CPU
		{DBF30D16-4C3C-467B-9284-41911D4755C1}.Debug|Any CPU.Build.0 = Debug|Any CPU
		{DBF30D16-4C3C-467B-9284-41911D4755C1}.Debug|ARM.ActiveCfg = Debug|Any CPU
		{DBF30D16-4C3C-467B-9284-41911D4755C1}.Debug|ARM.Build.0 = Debug|Any CPU
		{DBF30D16-4C3C-467B-9284-41911D4755C1}.Debug|x64.ActiveCfg = Debug|Any CPU
		{DBF30D16-4C3C-467B-9284-41911D4755C1}.Debug|x64.Build.0 = Debug|Any CPU
		{DBF30D16-4C3C-467B-9284-41911D4755C1}.Debug|x86.ActiveCfg = Debug|Any CPU
		{DBF30D16-4C3C-467B-9284-41911D4755C1}.Debug|x86.Build.0 = Debug|Any CPU
		{DBF30D16-4C3C-467B-9284-41911D4755C1}.Release|Any CPU.ActiveCfg = Release|Any CPU
		{DBF30D16-4C3C-467B-9284-41911D4755C1}.Release|Any CPU.Build.0 = Release|Any CPU
		{DBF30D16-4C3C-467B-9284-41911D4755C1}.Release|ARM.ActiveCfg = Release|Any CPU
		{DBF30D16-4C3C-467B-9284-41911D4755C1}.Release|ARM.Build.0 = Release|Any CPU
		{DBF30D16-4C3C-467B-9284-41911D4755C1}.Release|x64.ActiveCfg = Release|Any CPU
		{DBF30D16-4C3C-467B-9284-41911D4755C1}.Release|x64.Build.0 = Release|Any CPU
		{DBF30D16-4C3C-467B-9284-41911D4755C1}.Release|x86.ActiveCfg = Release|Any CPU
		{DBF30D16-4C3C-467B-9284-41911D4755C1}.Release|x86.Build.0 = Release|Any CPU
		{D06DB76A-068D-4E28-8D56-B5DBCD6F4828}.Debug|Any CPU.ActiveCfg = Debug|Any CPU
		{D06DB76A-068D-4E28-8D56-B5DBCD6F4828}.Debug|Any CPU.Build.0 = Debug|Any CPU
		{D06DB76A-068D-4E28-8D56-B5DBCD6F4828}.Debug|ARM.ActiveCfg = Debug|Any CPU
		{D06DB76A-068D-4E28-8D56-B5DBCD6F4828}.Debug|ARM.Build.0 = Debug|Any CPU
		{D06DB76A-068D-4E28-8D56-B5DBCD6F4828}.Debug|x64.ActiveCfg = Debug|Any CPU
		{D06DB76A-068D-4E28-8D56-B5DBCD6F4828}.Debug|x64.Build.0 = Debug|Any CPU
		{D06DB76A-068D-4E28-8D56-B5DBCD6F4828}.Debug|x86.ActiveCfg = Debug|Any CPU
		{D06DB76A-068D-4E28-8D56-B5DBCD6F4828}.Debug|x86.Build.0 = Debug|Any CPU
		{D06DB76A-068D-4E28-8D56-B5DBCD6F4828}.Release|Any CPU.ActiveCfg = Release|Any CPU
		{D06DB76A-068D-4E28-8D56-B5DBCD6F4828}.Release|Any CPU.Build.0 = Release|Any CPU
		{D06DB76A-068D-4E28-8D56-B5DBCD6F4828}.Release|ARM.ActiveCfg = Release|Any CPU
		{D06DB76A-068D-4E28-8D56-B5DBCD6F4828}.Release|ARM.Build.0 = Release|Any CPU
		{D06DB76A-068D-4E28-8D56-B5DBCD6F4828}.Release|x64.ActiveCfg = Release|Any CPU
		{D06DB76A-068D-4E28-8D56-B5DBCD6F4828}.Release|x64.Build.0 = Release|Any CPU
		{D06DB76A-068D-4E28-8D56-B5DBCD6F4828}.Release|x86.ActiveCfg = Release|Any CPU
		{D06DB76A-068D-4E28-8D56-B5DBCD6F4828}.Release|x86.Build.0 = Release|Any CPU
		{2318C814-D035-4036-B75F-E2F0E421DCA1}.Debug|Any CPU.ActiveCfg = Debug|Any CPU
		{2318C814-D035-4036-B75F-E2F0E421DCA1}.Debug|Any CPU.Build.0 = Debug|Any CPU
		{2318C814-D035-4036-B75F-E2F0E421DCA1}.Debug|ARM.ActiveCfg = Debug|Any CPU
		{2318C814-D035-4036-B75F-E2F0E421DCA1}.Debug|ARM.Build.0 = Debug|Any CPU
		{2318C814-D035-4036-B75F-E2F0E421DCA1}.Debug|x64.ActiveCfg = Debug|Any CPU
		{2318C814-D035-4036-B75F-E2F0E421DCA1}.Debug|x64.Build.0 = Debug|Any CPU
		{2318C814-D035-4036-B75F-E2F0E421DCA1}.Debug|x86.ActiveCfg = Debug|Any CPU
		{2318C814-D035-4036-B75F-E2F0E421DCA1}.Debug|x86.Build.0 = Debug|Any CPU
		{2318C814-D035-4036-B75F-E2F0E421DCA1}.Release|Any CPU.ActiveCfg = Release|Any CPU
		{2318C814-D035-4036-B75F-E2F0E421DCA1}.Release|Any CPU.Build.0 = Release|Any CPU
		{2318C814-D035-4036-B75F-E2F0E421DCA1}.Release|ARM.ActiveCfg = Release|Any CPU
		{2318C814-D035-4036-B75F-E2F0E421DCA1}.Release|ARM.Build.0 = Release|Any CPU
		{2318C814-D035-4036-B75F-E2F0E421DCA1}.Release|x64.ActiveCfg = Release|Any CPU
		{2318C814-D035-4036-B75F-E2F0E421DCA1}.Release|x64.Build.0 = Release|Any CPU
		{2318C814-D035-4036-B75F-E2F0E421DCA1}.Release|x86.ActiveCfg = Release|Any CPU
		{2318C814-D035-4036-B75F-E2F0E421DCA1}.Release|x86.Build.0 = Release|Any CPU
		{62A49B2A-F1B8-4ADE-BEF8-90B264B7A575}.Debug|Any CPU.ActiveCfg = Debug
		{62A49B2A-F1B8-4ADE-BEF8-90B264B7A575}.Debug|ARM.ActiveCfg = Debug
		{62A49B2A-F1B8-4ADE-BEF8-90B264B7A575}.Debug|x64.ActiveCfg = Debug
		{62A49B2A-F1B8-4ADE-BEF8-90B264B7A575}.Debug|x86.ActiveCfg = Debug
		{62A49B2A-F1B8-4ADE-BEF8-90B264B7A575}.Release|Any CPU.ActiveCfg = Release
		{62A49B2A-F1B8-4ADE-BEF8-90B264B7A575}.Release|ARM.ActiveCfg = Release
		{62A49B2A-F1B8-4ADE-BEF8-90B264B7A575}.Release|x64.ActiveCfg = Release
		{62A49B2A-F1B8-4ADE-BEF8-90B264B7A575}.Release|x86.ActiveCfg = Release
		{BE354FC2-805E-410A-A70E-2178E7126C20}.Debug|Any CPU.ActiveCfg = Debug|Any CPU
		{BE354FC2-805E-410A-A70E-2178E7126C20}.Debug|Any CPU.Build.0 = Debug|Any CPU
		{BE354FC2-805E-410A-A70E-2178E7126C20}.Debug|ARM.ActiveCfg = Debug|Any CPU
		{BE354FC2-805E-410A-A70E-2178E7126C20}.Debug|ARM.Build.0 = Debug|Any CPU
		{BE354FC2-805E-410A-A70E-2178E7126C20}.Debug|x64.ActiveCfg = Debug|Any CPU
		{BE354FC2-805E-410A-A70E-2178E7126C20}.Debug|x64.Build.0 = Debug|Any CPU
		{BE354FC2-805E-410A-A70E-2178E7126C20}.Debug|x86.ActiveCfg = Debug|Any CPU
		{BE354FC2-805E-410A-A70E-2178E7126C20}.Debug|x86.Build.0 = Debug|Any CPU
		{BE354FC2-805E-410A-A70E-2178E7126C20}.Release|Any CPU.ActiveCfg = Release|Any CPU
		{BE354FC2-805E-410A-A70E-2178E7126C20}.Release|Any CPU.Build.0 = Release|Any CPU
		{BE354FC2-805E-410A-A70E-2178E7126C20}.Release|ARM.ActiveCfg = Release|Any CPU
		{BE354FC2-805E-410A-A70E-2178E7126C20}.Release|ARM.Build.0 = Release|Any CPU
		{BE354FC2-805E-410A-A70E-2178E7126C20}.Release|x64.ActiveCfg = Release|Any CPU
		{BE354FC2-805E-410A-A70E-2178E7126C20}.Release|x64.Build.0 = Release|Any CPU
		{BE354FC2-805E-410A-A70E-2178E7126C20}.Release|x86.ActiveCfg = Release|Any CPU
		{BE354FC2-805E-410A-A70E-2178E7126C20}.Release|x86.Build.0 = Release|Any CPU
		{9C72ABE2-0522-4338-AE46-01643B9307C1}.Debug|Any CPU.ActiveCfg = Debug|Any CPU
		{9C72ABE2-0522-4338-AE46-01643B9307C1}.Debug|Any CPU.Build.0 = Debug|Any CPU
		{9C72ABE2-0522-4338-AE46-01643B9307C1}.Debug|ARM.ActiveCfg = Debug|Any CPU
		{9C72ABE2-0522-4338-AE46-01643B9307C1}.Debug|ARM.Build.0 = Debug|Any CPU
		{9C72ABE2-0522-4338-AE46-01643B9307C1}.Debug|x64.ActiveCfg = Debug|Any CPU
		{9C72ABE2-0522-4338-AE46-01643B9307C1}.Debug|x64.Build.0 = Debug|Any CPU
		{9C72ABE2-0522-4338-AE46-01643B9307C1}.Debug|x86.ActiveCfg = Debug|Any CPU
		{9C72ABE2-0522-4338-AE46-01643B9307C1}.Debug|x86.Build.0 = Debug|Any CPU
		{9C72ABE2-0522-4338-AE46-01643B9307C1}.Release|Any CPU.ActiveCfg = Release|Any CPU
		{9C72ABE2-0522-4338-AE46-01643B9307C1}.Release|Any CPU.Build.0 = Release|Any CPU
		{9C72ABE2-0522-4338-AE46-01643B9307C1}.Release|ARM.ActiveCfg = Release|Any CPU
		{9C72ABE2-0522-4338-AE46-01643B9307C1}.Release|ARM.Build.0 = Release|Any CPU
		{9C72ABE2-0522-4338-AE46-01643B9307C1}.Release|x64.ActiveCfg = Release|Any CPU
		{9C72ABE2-0522-4338-AE46-01643B9307C1}.Release|x64.Build.0 = Release|Any CPU
		{9C72ABE2-0522-4338-AE46-01643B9307C1}.Release|x86.ActiveCfg = Release|Any CPU
		{9C72ABE2-0522-4338-AE46-01643B9307C1}.Release|x86.Build.0 = Release|Any CPU
		{3C487FFA-1D1A-4628-BB47-3456138CB191}.Debug|Any CPU.ActiveCfg = Debug|Any CPU
		{3C487FFA-1D1A-4628-BB47-3456138CB191}.Debug|Any CPU.Build.0 = Debug|Any CPU
		{3C487FFA-1D1A-4628-BB47-3456138CB191}.Debug|ARM.ActiveCfg = Debug|Any CPU
		{3C487FFA-1D1A-4628-BB47-3456138CB191}.Debug|ARM.Build.0 = Debug|Any CPU
		{3C487FFA-1D1A-4628-BB47-3456138CB191}.Debug|x64.ActiveCfg = Debug|Any CPU
		{3C487FFA-1D1A-4628-BB47-3456138CB191}.Debug|x64.Build.0 = Debug|Any CPU
		{3C487FFA-1D1A-4628-BB47-3456138CB191}.Debug|x86.ActiveCfg = Debug|Any CPU
		{3C487FFA-1D1A-4628-BB47-3456138CB191}.Debug|x86.Build.0 = Debug|Any CPU
		{3C487FFA-1D1A-4628-BB47-3456138CB191}.Release|Any CPU.ActiveCfg = Release|Any CPU
		{3C487FFA-1D1A-4628-BB47-3456138CB191}.Release|Any CPU.Build.0 = Release|Any CPU
		{3C487FFA-1D1A-4628-BB47-3456138CB191}.Release|ARM.ActiveCfg = Release|Any CPU
		{3C487FFA-1D1A-4628-BB47-3456138CB191}.Release|ARM.Build.0 = Release|Any CPU
		{3C487FFA-1D1A-4628-BB47-3456138CB191}.Release|x64.ActiveCfg = Release|Any CPU
		{3C487FFA-1D1A-4628-BB47-3456138CB191}.Release|x64.Build.0 = Release|Any CPU
		{3C487FFA-1D1A-4628-BB47-3456138CB191}.Release|x86.ActiveCfg = Release|Any CPU
		{3C487FFA-1D1A-4628-BB47-3456138CB191}.Release|x86.Build.0 = Release|Any CPU
		{1FB2D29C-5BE5-4C67-B1EE-36841B42D1D2}.Debug|Any CPU.ActiveCfg = Debug|Any CPU
		{1FB2D29C-5BE5-4C67-B1EE-36841B42D1D2}.Debug|Any CPU.Build.0 = Debug|Any CPU
		{1FB2D29C-5BE5-4C67-B1EE-36841B42D1D2}.Debug|ARM.ActiveCfg = Debug|Any CPU
		{1FB2D29C-5BE5-4C67-B1EE-36841B42D1D2}.Debug|ARM.Build.0 = Debug|Any CPU
		{1FB2D29C-5BE5-4C67-B1EE-36841B42D1D2}.Debug|x64.ActiveCfg = Debug|Any CPU
		{1FB2D29C-5BE5-4C67-B1EE-36841B42D1D2}.Debug|x64.Build.0 = Debug|Any CPU
		{1FB2D29C-5BE5-4C67-B1EE-36841B42D1D2}.Debug|x86.ActiveCfg = Debug|Any CPU
		{1FB2D29C-5BE5-4C67-B1EE-36841B42D1D2}.Debug|x86.Build.0 = Debug|Any CPU
		{1FB2D29C-5BE5-4C67-B1EE-36841B42D1D2}.Release|Any CPU.ActiveCfg = Release|Any CPU
		{1FB2D29C-5BE5-4C67-B1EE-36841B42D1D2}.Release|Any CPU.Build.0 = Release|Any CPU
		{1FB2D29C-5BE5-4C67-B1EE-36841B42D1D2}.Release|ARM.ActiveCfg = Release|Any CPU
		{1FB2D29C-5BE5-4C67-B1EE-36841B42D1D2}.Release|ARM.Build.0 = Release|Any CPU
		{1FB2D29C-5BE5-4C67-B1EE-36841B42D1D2}.Release|x64.ActiveCfg = Release|Any CPU
		{1FB2D29C-5BE5-4C67-B1EE-36841B42D1D2}.Release|x64.Build.0 = Release|Any CPU
		{1FB2D29C-5BE5-4C67-B1EE-36841B42D1D2}.Release|x86.ActiveCfg = Release|Any CPU
		{1FB2D29C-5BE5-4C67-B1EE-36841B42D1D2}.Release|x86.Build.0 = Release|Any CPU
	EndGlobalSection
	GlobalSection(SolutionProperties) = preSolution
		HideSolutionNode = FALSE
	EndGlobalSection
	GlobalSection(NestedProjects) = preSolution
		{2318C814-D035-4036-B75F-E2F0E421DCA1} = {4BE1FADF-1E20-4F4C-99FF-1AE22E120EBD}
		{9C72ABE2-0522-4338-AE46-01643B9307C1} = {4BE1FADF-1E20-4F4C-99FF-1AE22E120EBD}
		{1FB2D29C-5BE5-4C67-B1EE-36841B42D1D2} = {4BE1FADF-1E20-4F4C-99FF-1AE22E120EBD}
	EndGlobalSection
EndGlobal
